
Microsoft Visual Studio Solution File, Format Version 12.00
# 
Project("{FAE04EC0-301F-11D3-BF4B-00C04F79EFBC}") = "Framework.Challenge.Api", "Framework.Challenge.Api\Framework.Challenge.Api.csproj", "{C6BA2E05-A3C7-4F96-A5A4-3DEFBD192521}"
EndProject
Project("{FAE04EC0-301F-11D3-BF4B-00C04F79EFBC}") = "Framework.Challenge.Service", "Framework.Challenge.Service\Framework.Challenge.Service.csproj", "{43BA11DA-DD5E-4953-966E-05889679F9E3}"
EndProject
Global
	GlobalSection(SolutionConfigurationPlatforms) = preSolution
		Debug|Any CPU = Debug|Any CPU
		Release|Any CPU = Release|Any CPU
	EndGlobalSection
	GlobalSection(ProjectConfigurationPlatforms) = postSolution
		{C6BA2E05-A3C7-4F96-A5A4-3DEFBD192521}.Debug|Any CPU.ActiveCfg = Debug|Any CPU
		{C6BA2E05-A3C7-4F96-A5A4-3DEFBD192521}.Debug|Any CPU.Build.0 = Debug|Any CPU
		{C6BA2E05-A3C7-4F96-A5A4-3DEFBD192521}.Release|Any CPU.ActiveCfg = Release|Any CPU
		{C6BA2E05-A3C7-4F96-A5A4-3DEFBD192521}.Release|Any CPU.Build.0 = Release|Any CPU
		{43BA11DA-DD5E-4953-966E-05889679F9E3}.Debug|Any CPU.ActiveCfg = Debug|Any CPU
		{43BA11DA-DD5E-4953-966E-05889679F9E3}.Debug|Any CPU.Build.0 = Debug|Any CPU
		{43BA11DA-DD5E-4953-966E-05889679F9E3}.Release|Any CPU.ActiveCfg = Release|Any CPU
		{43BA11DA-DD5E-4953-966E-05889679F9E3}.Release|Any CPU.Build.0 = Release|Any CPU
	EndGlobalSection
EndGlobal
